
Microsoft Visual Studio Solution File, Format Version 12.00
# Visual Studio 2012
Project("{FAE04EC0-301F-11D3-BF4B-00C04F79EFBC}") = "Tavisca.PaymentStatusService", "Tavisca.PaymentStatusService\Tavisca.PaymentStatusService.csproj", "{26790B9A-A244-44C3-BA88-9F041674DA78}"
EndProject
Project("{FAE04EC0-301F-11D3-BF4B-00C04F79EFBC}") = "Tavisca.PaymentStatusService.Tests", "Tavisca.PaymentStatusService.Tests\Tavisca.PaymentStatusService.Tests.csproj", "{CBB2BAF2-0A8B-4C2B-B5CE-42408067D4FA}"
EndProject
Project("{2150E333-8FDC-42A3-9474-1A3956D46DE8}") = "01.SolutionItems", "01.SolutionItems", "{FF37C972-44BF-4F5A-8B34-8D67F3004719}"
EndProject
Project("{2150E333-8FDC-42A3-9474-1A3956D46DE8}") = "02.Host", "02.Host", "{A9ED8535-E1FD-45D1-A936-9423588D7C50}"
EndProject
Project("{2150E333-8FDC-42A3-9474-1A3956D46DE8}") = "03.ResourceAccessLayer", "03.ResourceAccessLayer", "{381CEC9E-6216-4775-95A4-B67B9D21629C}"
EndProject
Project("{2150E333-8FDC-42A3-9474-1A3956D46DE8}") = "04.Test", "04.Test", "{3721AD62-2E24-438B-90B6-4C97CC9F16C6}"
EndProject
Project("{2150E333-8FDC-42A3-9474-1A3956D46DE8}") = "CodeAnalysisRuleset", "CodeAnalysisRuleset", "{A89EE16B-1065-46D7-99B5-0BFB35A5C397}"
	ProjectSection(SolutionItems) = preProject
		CodeAnalysisRuleset\TaviscaCodingPractices.ruleset = CodeAnalysisRuleset\TaviscaCodingPractices.ruleset
	EndProjectSection
EndProject
Project("{2150E333-8FDC-42A3-9474-1A3956D46DE8}") = "CommonAssemblies", "CommonAssemblies", "{F04A199E-CA06-4863-A38A-31AC409453E4}"
	ProjectSection(SolutionItems) = preProject
		CommonAssemblies\Microsoft.Practices.EnterpriseLibrary.Common.dll = CommonAssemblies\Microsoft.Practices.EnterpriseLibrary.Common.dll
		CommonAssemblies\Microsoft.Practices.EnterpriseLibrary.Data.dll = CommonAssemblies\Microsoft.Practices.EnterpriseLibrary.Data.dll
		CommonAssemblies\Microsoft.Practices.EnterpriseLibrary.ExceptionHandling.dll = CommonAssemblies\Microsoft.Practices.EnterpriseLibrary.ExceptionHandling.dll
		CommonAssemblies\Microsoft.Practices.EnterpriseLibrary.ExceptionHandling.Logging.dll = CommonAssemblies\Microsoft.Practices.EnterpriseLibrary.ExceptionHandling.Logging.dll
		CommonAssemblies\Microsoft.Practices.EnterpriseLibrary.ExceptionHandling.WCF.dll = CommonAssemblies\Microsoft.Practices.EnterpriseLibrary.ExceptionHandling.WCF.dll
		CommonAssemblies\Microsoft.Practices.EnterpriseLibrary.Logging.dll = CommonAssemblies\Microsoft.Practices.EnterpriseLibrary.Logging.dll
		CommonAssemblies\Microsoft.Practices.ServiceLocation.dll = CommonAssemblies\Microsoft.Practices.ServiceLocation.dll
		CommonAssemblies\Microsoft.Practices.Unity.dll = CommonAssemblies\Microsoft.Practices.Unity.dll
		CommonAssemblies\Microsoft.Practices.Unity.Interception.Configuration.dll = CommonAssemblies\Microsoft.Practices.Unity.Interception.Configuration.dll
		CommonAssemblies\Microsoft.Practices.Unity.Interception.dll = CommonAssemblies\Microsoft.Practices.Unity.Interception.dll
		CommonAssemblies\Microsoft.Practices.Unity.StaticFactory.dll = CommonAssemblies\Microsoft.Practices.Unity.StaticFactory.dll
		CommonAssemblies\Tavisca.Frameworks.Caching.dll = CommonAssemblies\Tavisca.Frameworks.Caching.dll
		CommonAssemblies\Tavisca.Frameworks.CulturePlugin.dll = CommonAssemblies\Tavisca.Frameworks.CulturePlugin.dll
		CommonAssemblies\Tavisca.Frameworks.Logging.dll = CommonAssemblies\Tavisca.Frameworks.Logging.dll
		CommonAssemblies\Tavisca.Frameworks.Logging.Extensions.dll = CommonAssemblies\Tavisca.Frameworks.Logging.Extensions.dll
		CommonAssemblies\Tavisca.Frameworks.ResourceAccessPlugin_V_5.dll = CommonAssemblies\Tavisca.Frameworks.ResourceAccessPlugin_V_5.dll
		CommonAssemblies\Tavisca.Singularity.Core.dll = CommonAssemblies\Tavisca.Singularity.Core.dll
		CommonAssemblies\Tavisca.Singularity.UnityExtension.dll = CommonAssemblies\Tavisca.Singularity.UnityExtension.dll
		CommonAssemblies\Tavisca.TravelNxt.Caching.Client.dll = CommonAssemblies\Tavisca.TravelNxt.Caching.Client.dll
		CommonAssemblies\Tavisca.TravelNxt.Caching.dll = CommonAssemblies\Tavisca.TravelNxt.Caching.dll
		CommonAssemblies\Tavisca.TravelNxt.FraudServices.Core.dll = CommonAssemblies\Tavisca.TravelNxt.FraudServices.Core.dll
		CommonAssemblies\Tavisca.TravelNxt.Shared.Entities.dll = CommonAssemblies\Tavisca.TravelNxt.Shared.Entities.dll
		CommonAssemblies\Tavisca.TravelNxt.Shared.Exceptions.dll = CommonAssemblies\Tavisca.TravelNxt.Shared.Exceptions.dll
		CommonAssemblies\Tavisca.TravelNxt.Shared.Plugins.dll = CommonAssemblies\Tavisca.TravelNxt.Shared.Plugins.dll
	EndProjectSection
EndProject
Global
	GlobalSection(SolutionConfigurationPlatforms) = preSolution
		Debug|Any CPU = Debug|Any CPU
		Release|Any CPU = Release|Any CPU
	EndGlobalSection
	GlobalSection(ProjectConfigurationPlatforms) = postSolution
		{26790B9A-A244-44C3-BA88-9F041674DA78}.Debug|Any CPU.ActiveCfg = Debug|Any CPU
		{26790B9A-A244-44C3-BA88-9F041674DA78}.Debug|Any CPU.Build.0 = Debug|Any CPU
		{26790B9A-A244-44C3-BA88-9F041674DA78}.Release|Any CPU.ActiveCfg = Release|Any CPU
		{26790B9A-A244-44C3-BA88-9F041674DA78}.Release|Any CPU.Build.0 = Release|Any CPU
		{CBB2BAF2-0A8B-4C2B-B5CE-42408067D4FA}.Debug|Any CPU.ActiveCfg = Debug|Any CPU
		{CBB2BAF2-0A8B-4C2B-B5CE-42408067D4FA}.Debug|Any CPU.Build.0 = Debug|Any CPU
		{CBB2BAF2-0A8B-4C2B-B5CE-42408067D4FA}.Release|Any CPU.ActiveCfg = Release|Any CPU
		{CBB2BAF2-0A8B-4C2B-B5CE-42408067D4FA}.Release|Any CPU.Build.0 = Release|Any CPU
	EndGlobalSection
	GlobalSection(SolutionProperties) = preSolution
		HideSolutionNode = FALSE
	EndGlobalSection
	GlobalSection(NestedProjects) = preSolution
		{26790B9A-A244-44C3-BA88-9F041674DA78} = {A9ED8535-E1FD-45D1-A936-9423588D7C50}
		{CBB2BAF2-0A8B-4C2B-B5CE-42408067D4FA} = {3721AD62-2E24-438B-90B6-4C97CC9F16C6}
		{A89EE16B-1065-46D7-99B5-0BFB35A5C397} = {FF37C972-44BF-4F5A-8B34-8D67F3004719}
		{F04A199E-CA06-4863-A38A-31AC409453E4} = {FF37C972-44BF-4F5A-8B34-8D67F3004719}
	EndGlobalSection
EndGlobal
